
Microsoft Visual Studio Solution File, Format Version 12.00
# Visual Studio Version 16
VisualStudioVersion = 16.0.30611.23
MinimumVisualStudioVersion = 10.0.40219.1
Project("{FAE04EC0-301F-11D3-BF4B-00C04F79EFBC}") = "WeAreTheChampions", "WeAreTheChampions\WeAreTheChampions.csproj", "{6551DD9A-B489-4E32-BA66-DEF025059939}"
EndProject
Global
	GlobalSection(SolutionConfigurationPlatforms) = preSolution
		Debug|Any CPU = Debug|Any CPU
		Release|Any CPU = Release|Any CPU
	EndGlobalSection
	GlobalSection(ProjectConfigurationPlatforms) = postSolution
		{6551DD9A-B489-4E32-BA66-DEF025059939}.Debug|Any CPU.ActiveCfg = Debug|Any CPU
		{6551DD9A-B489-4E32-BA66-DEF025059939}.Debug|Any CPU.Build.0 = Debug|Any CPU
		{6551DD9A-B489-4E32-BA66-DEF025059939}.Release|Any CPU.ActiveCfg = Release|Any CPU
		{6551DD9A-B489-4E32-BA66-DEF025059939}.Release|Any CPU.Build.0 = Release|Any CPU
	EndGlobalSection
	GlobalSection(SolutionProperties) = preSolution
		HideSolutionNode = FALSE
	EndGlobalSection
	GlobalSection(ExtensibilityGlobals) = postSolution
		SolutionGuid = {FE826E76-7787-4A70-92C4-7FA88373920C}
	EndGlobalSection
EndGlobal
